<?xml version="1.0" encoding="utf-8"?>
<Project ToolsVersion="4.0" xmlns="http://schemas.microsoft.com/developer/msbuild/2003">
  <ItemGroup>
    <Filter Include="源文件">
      <UniqueIdentifier>{0f9934a9-2cec-44d0-8836-2d799190efab}</UniqueIdentifier>
    </Filter>
    <Filter Include="生成的文件">
      <UniqueIdentifier>{b61b3f33-5c08-4af4-bd9f-a1fbbc1b3b94}</UniqueIdentifier>
      <SourceControlFiles>False</SourceControlFiles>
    </Filter>
  </ItemGroup>
  <ItemGroup>
    <None Include="MyATLps.def" />
  </ItemGroup>
  <ItemGroup>
    <ClCompile Include="MyATL_i.c">
      <Filter>生成的文件</Filter>
    </ClCompile>
    <ClCompile Include="MyATL_p.c">
      <Filter>生成的文件</Filter>
    </ClCompile>
    <ClCompile Include="dlldata.c">
      <Filter>生成的文件</Filter>
    </ClCompile>
  </ItemGroup>
</Project>